
Microsoft Visual Studio Solution File, Format Version 12.00
# Visual Studio 14
VisualStudioVersion = 14.0.25123.0
MinimumVisualStudioVersion = 10.0.40219.1
Project("{FAE04EC0-301F-11D3-BF4B-00C04F79EFBC}") = "Ed.Steamflix.Universal", "Ed.Steamflix.Universal\Ed.Steamflix.Universal.csproj", "{668C1652-0534-49C6-A810-C38E2BA6EA0D}"
EndProject
Project("{FAE04EC0-301F-11D3-BF4B-00C04F79EFBC}") = "Ed.Steamflix.Common", "Ed.Steamflix.Common\Ed.Steamflix.Common.csproj", "{75EAFCE8-0959-4BCB-9632-4F5D424B7FCB}"
EndProject
Project("{FAE04EC0-301F-11D3-BF4B-00C04F79EFBC}") = "Ed.Steamflix.Tests", "Ed.Steamflix.Tests\Ed.Steamflix.Tests.csproj", "{69DB6A22-9977-44EF-8932-E88541188994}"
EndProject
Project("{FAE04EC0-301F-11D3-BF4B-00C04F79EFBC}") = "Ed.Steamflix.Mocks", "Ed.Steamflix.Mocks\Ed.Steamflix.Mocks.csproj", "{441A8C60-11D4-4E02-95C9-E8341E0EBB95}"
EndProject
Global
	GlobalSection(SolutionConfigurationPlatforms) = preSolution
		Debug|Any CPU = Debug|Any CPU
		Debug|ARM = Debug|ARM
		Debug|x64 = Debug|x64
		Debug|x86 = Debug|x86
		Release|Any CPU = Release|Any CPU
		Release|ARM = Release|ARM
		Release|x64 = Release|x64
		Release|x86 = Release|x86
	EndGlobalSection
	GlobalSection(ProjectConfigurationPlatforms) = postSolution
		{668C1652-0534-49C6-A810-C38E2BA6EA0D}.Debug|Any CPU.ActiveCfg = Debug|x86
		{668C1652-0534-49C6-A810-C38E2BA6EA0D}.Debug|Any CPU.Build.0 = Debug|x86
		{668C1652-0534-49C6-A810-C38E2BA6EA0D}.Debug|Any CPU.Deploy.0 = Debug|x86
		{668C1652-0534-49C6-A810-C38E2BA6EA0D}.Debug|ARM.ActiveCfg = Debug|ARM
		{668C1652-0534-49C6-A810-C38E2BA6EA0D}.Debug|ARM.Build.0 = Debug|ARM
		{668C1652-0534-49C6-A810-C38E2BA6EA0D}.Debug|ARM.Deploy.0 = Debug|ARM
		{668C1652-0534-49C6-A810-C38E2BA6EA0D}.Debug|x64.ActiveCfg = Debug|x64
		{668C1652-0534-49C6-A810-C38E2BA6EA0D}.Debug|x64.Build.0 = Debug|x64
		{668C1652-0534-49C6-A810-C38E2BA6EA0D}.Debug|x64.Deploy.0 = Debug|x64
		{668C1652-0534-49C6-A810-C38E2BA6EA0D}.Debug|x86.ActiveCfg = Debug|x86
		{668C1652-0534-49C6-A810-C38E2BA6EA0D}.Debug|x86.Build.0 = Debug|x86
		{668C1652-0534-49C6-A810-C38E2BA6EA0D}.Debug|x86.Deploy.0 = Debug|x86
		{668C1652-0534-49C6-A810-C38E2BA6EA0D}.Release|Any CPU.ActiveCfg = Release|x86
		{668C1652-0534-49C6-A810-C38E2BA6EA0D}.Release|Any CPU.Build.0 = Release|x86
		{668C1652-0534-49C6-A810-C38E2BA6EA0D}.Release|Any CPU.Deploy.0 = Release|x86
		{668C1652-0534-49C6-A810-C38E2BA6EA0D}.Release|ARM.ActiveCfg = Release|ARM
		{668C1652-0534-49C6-A810-C38E2BA6EA0D}.Release|ARM.Build.0 = Release|ARM
		{668C1652-0534-49C6-A810-C38E2BA6EA0D}.Release|ARM.Deploy.0 = Release|ARM
		{668C1652-0534-49C6-A810-C38E2BA6EA0D}.Release|x64.ActiveCfg = Release|x64
		{668C1652-0534-49C6-A810-C38E2BA6EA0D}.Release|x64.Build.0 = Release|x64
		{668C1652-0534-49C6-A810-C38E2BA6EA0D}.Release|x64.Deploy.0 = Release|x64
		{668C1652-0534-49C6-A810-C38E2BA6EA0D}.Release|x86.ActiveCfg = Release|x86
		{668C1652-0534-49C6-A810-C38E2BA6EA0D}.Release|x86.Build.0 = Release|x86
		{668C1652-0534-49C6-A810-C38E2BA6EA0D}.Release|x86.Deploy.0 = Release|x86
		{75EAFCE8-0959-4BCB-9632-4F5D424B7FCB}.Debug|Any CPU.ActiveCfg = Debug|Any CPU
		{75EAFCE8-0959-4BCB-9632-4F5D424B7FCB}.Debug|Any CPU.Build.0 = Debug|Any CPU
		{75EAFCE8-0959-4BCB-9632-4F5D424B7FCB}.Debug|ARM.ActiveCfg = Debug|ARM
		{75EAFCE8-0959-4BCB-9632-4F5D424B7FCB}.Debug|ARM.Build.0 = Debug|ARM
		{75EAFCE8-0959-4BCB-9632-4F5D424B7FCB}.Debug|x64.ActiveCfg = Debug|x64
		{75EAFCE8-0959-4BCB-9632-4F5D424B7FCB}.Debug|x64.Build.0 = Debug|x64
		{75EAFCE8-0959-4BCB-9632-4F5D424B7FCB}.Debug|x86.ActiveCfg = Debug|x86
		{75EAFCE8-0959-4BCB-9632-4F5D424B7FCB}.Debug|x86.Build.0 = Debug|x86
		{75EAFCE8-0959-4BCB-9632-4F5D424B7FCB}.Release|Any CPU.ActiveCfg = Release|Any CPU
		{75EAFCE8-0959-4BCB-9632-4F5D424B7FCB}.Release|Any CPU.Build.0 = Release|Any CPU
		{75EAFCE8-0959-4BCB-9632-4F5D424B7FCB}.Release|ARM.ActiveCfg = Release|ARM
		{75EAFCE8-0959-4BCB-9632-4F5D424B7FCB}.Release|ARM.Build.0 = Release|ARM
		{75EAFCE8-0959-4BCB-9632-4F5D424B7FCB}.Release|x64.ActiveCfg = Release|x64
		{75EAFCE8-0959-4BCB-9632-4F5D424B7FCB}.Release|x64.Build.0 = Release|x64
		{75EAFCE8-0959-4BCB-9632-4F5D424B7FCB}.Release|x86.ActiveCfg = Release|x86
		{75EAFCE8-0959-4BCB-9632-4F5D424B7FCB}.Release|x86.Build.0 = Release|x86
		{69DB6A22-9977-44EF-8932-E88541188994}.Debug|Any CPU.ActiveCfg = Debug|x86
		{69DB6A22-9977-44EF-8932-E88541188994}.Debug|Any CPU.Build.0 = Debug|x86
		{69DB6A22-9977-44EF-8932-E88541188994}.Debug|Any CPU.Deploy.0 = Debug|x86
		{69DB6A22-9977-44EF-8932-E88541188994}.Debug|ARM.ActiveCfg = Debug|ARM
		{69DB6A22-9977-44EF-8932-E88541188994}.Debug|ARM.Build.0 = Debug|ARM
		{69DB6A22-9977-44EF-8932-E88541188994}.Debug|ARM.Deploy.0 = Debug|ARM
		{69DB6A22-9977-44EF-8932-E88541188994}.Debug|x64.ActiveCfg = Debug|x64
		{69DB6A22-9977-44EF-8932-E88541188994}.Debug|x64.Build.0 = Debug|x64
		{69DB6A22-9977-44EF-8932-E88541188994}.Debug|x64.Deploy.0 = Debug|x64
		{69DB6A22-9977-44EF-8932-E88541188994}.Debug|x86.ActiveCfg = Debug|x86
		{69DB6A22-9977-44EF-8932-E88541188994}.Debug|x86.Build.0 = Debug|x86
		{69DB6A22-9977-44EF-8932-E88541188994}.Debug|x86.Deploy.0 = Debug|x86
		{69DB6A22-9977-44EF-8932-E88541188994}.Release|Any CPU.ActiveCfg = Release|x86
		{69DB6A22-9977-44EF-8932-E88541188994}.Release|ARM.ActiveCfg = Release|ARM
		{69DB6A22-9977-44EF-8932-E88541188994}.Release|ARM.Build.0 = Release|ARM
		{69DB6A22-9977-44EF-8932-E88541188994}.Release|ARM.Deploy.0 = Release|ARM
		{69DB6A22-9977-44EF-8932-E88541188994}.Release|x64.ActiveCfg = Release|x64
		{69DB6A22-9977-44EF-8932-E88541188994}.Release|x64.Build.0 = Release|x64
		{69DB6A22-9977-44EF-8932-E88541188994}.Release|x64.Deploy.0 = Release|x64
		{69DB6A22-9977-44EF-8932-E88541188994}.Release|x86.ActiveCfg = Release|x86
		{69DB6A22-9977-44EF-8932-E88541188994}.Release|x86.Build.0 = Release|x86
		{69DB6A22-9977-44EF-8932-E88541188994}.Release|x86.Deploy.0 = Release|x86
		{441A8C60-11D4-4E02-95C9-E8341E0EBB95}.Debug|Any CPU.ActiveCfg = Debug|Any CPU
		{441A8C60-11D4-4E02-95C9-E8341E0EBB95}.Debug|Any CPU.Build.0 = Debug|Any CPU
		{441A8C60-11D4-4E02-95C9-E8341E0EBB95}.Debug|ARM.ActiveCfg = Debug|ARM
		{441A8C60-11D4-4E02-95C9-E8341E0EBB95}.Debug|ARM.Build.0 = Debug|ARM
		{441A8C60-11D4-4E02-95C9-E8341E0EBB95}.Debug|x64.ActiveCfg = Debug|x64
		{441A8C60-11D4-4E02-95C9-E8341E0EBB95}.Debug|x64.Build.0 = Debug|x64
		{441A8C60-11D4-4E02-95C9-E8341E0EBB95}.Debug|x86.ActiveCfg = Debug|x86
		{441A8C60-11D4-4E02-95C9-E8341E0EBB95}.Debug|x86.Build.0 = Debug|x86
		{441A8C60-11D4-4E02-95C9-E8341E0EBB95}.Release|Any CPU.ActiveCfg = Release|Any CPU
		{441A8C60-11D4-4E02-95C9-E8341E0EBB95}.Release|Any CPU.Build.0 = Release|Any CPU
		{441A8C60-11D4-4E02-95C9-E8341E0EBB95}.Release|ARM.ActiveCfg = Release|ARM
		{441A8C60-11D4-4E02-95C9-E8341E0EBB95}.Release|ARM.Build.0 = Release|ARM
		{441A8C60-11D4-4E02-95C9-E8341E0EBB95}.Release|x64.ActiveCfg = Release|x64
		{441A8C60-11D4-4E02-95C9-E8341E0EBB95}.Release|x64.Build.0 = Release|x64
		{441A8C60-11D4-4E02-95C9-E8341E0EBB95}.Release|x86.ActiveCfg = Release|x86
		{441A8C60-11D4-4E02-95C9-E8341E0EBB95}.Release|x86.Build.0 = Release|x86
	EndGlobalSection
	GlobalSection(SolutionProperties) = preSolution
		HideSolutionNode = FALSE
	EndGlobalSection
EndGlobal
