
Microsoft Visual Studio Solution File, Format Version 12.00
# Visual Studio 14
VisualStudioVersion = 14.0.25420.1
MinimumVisualStudioVersion = 10.0.40219.1
Project("{FAE04EC0-301F-11D3-BF4B-00C04F79EFBC}") = "Ed.Steamflix.Universal", "Ed.Steamflix.Universal\Ed.Steamflix.Universal.csproj", "{668C1652-0534-49C6-A810-C38E2BA6EA0D}"
EndProject
Project("{FAE04EC0-301F-11D3-BF4B-00C04F79EFBC}") = "Ed.Steamflix.Mocks", "Ed.Steamflix.Mocks\Ed.Steamflix.Mocks.csproj", "{6134D286-0EA7-4E8C-9361-D4ED331B244B}"
EndProject
Project("{FAE04EC0-301F-11D3-BF4B-00C04F79EFBC}") = "Ed.Steamflix.Common", "Ed.Steamflix.Common\Ed.Steamflix.Common.csproj", "{D1D1B26C-2FDD-4BF6-92B4-36B6E1DB8FA4}"
EndProject
Project("{8BB2217D-0F2D-49D1-97BC-3654ED321F3B}") = "Ed.Steamflix.Api", "Ed.Steamflix.Api\Ed.Steamflix.Api.xproj", "{9E5467F6-BEEE-4BDE-BBB1-32123E6B467A}"
EndProject
Project("{FAE04EC0-301F-11D3-BF4B-00C04F79EFBC}") = "Ed.Steamflix.Tests", "Ed.Steamflix.Tests\Ed.Steamflix.Tests.csproj", "{2E3DF5C2-8A38-4A03-86D7-8D463C917E47}"
EndProject
Global
	GlobalSection(SolutionConfigurationPlatforms) = preSolution
		Debug|Any CPU = Debug|Any CPU
		Debug|ARM = Debug|ARM
		Debug|x64 = Debug|x64
		Debug|x86 = Debug|x86
		Release|Any CPU = Release|Any CPU
		Release|ARM = Release|ARM
		Release|x64 = Release|x64
		Release|x86 = Release|x86
	EndGlobalSection
	GlobalSection(ProjectConfigurationPlatforms) = postSolution
		{668C1652-0534-49C6-A810-C38E2BA6EA0D}.Debug|Any CPU.ActiveCfg = Debug|x86
		{668C1652-0534-49C6-A810-C38E2BA6EA0D}.Debug|Any CPU.Build.0 = Debug|x86
		{668C1652-0534-49C6-A810-C38E2BA6EA0D}.Debug|Any CPU.Deploy.0 = Debug|x86
		{668C1652-0534-49C6-A810-C38E2BA6EA0D}.Debug|ARM.ActiveCfg = Debug|ARM
		{668C1652-0534-49C6-A810-C38E2BA6EA0D}.Debug|ARM.Build.0 = Debug|ARM
		{668C1652-0534-49C6-A810-C38E2BA6EA0D}.Debug|ARM.Deploy.0 = Debug|ARM
		{668C1652-0534-49C6-A810-C38E2BA6EA0D}.Debug|x64.ActiveCfg = Debug|x64
		{668C1652-0534-49C6-A810-C38E2BA6EA0D}.Debug|x64.Build.0 = Debug|x64
		{668C1652-0534-49C6-A810-C38E2BA6EA0D}.Debug|x64.Deploy.0 = Debug|x64
		{668C1652-0534-49C6-A810-C38E2BA6EA0D}.Debug|x86.ActiveCfg = Debug|x86
		{668C1652-0534-49C6-A810-C38E2BA6EA0D}.Debug|x86.Build.0 = Debug|x86
		{668C1652-0534-49C6-A810-C38E2BA6EA0D}.Debug|x86.Deploy.0 = Debug|x86
		{668C1652-0534-49C6-A810-C38E2BA6EA0D}.Release|Any CPU.ActiveCfg = Release|x86
		{668C1652-0534-49C6-A810-C38E2BA6EA0D}.Release|Any CPU.Build.0 = Release|x86
		{668C1652-0534-49C6-A810-C38E2BA6EA0D}.Release|Any CPU.Deploy.0 = Release|x86
		{668C1652-0534-49C6-A810-C38E2BA6EA0D}.Release|ARM.ActiveCfg = Release|ARM
		{668C1652-0534-49C6-A810-C38E2BA6EA0D}.Release|ARM.Build.0 = Release|ARM
		{668C1652-0534-49C6-A810-C38E2BA6EA0D}.Release|ARM.Deploy.0 = Release|ARM
		{668C1652-0534-49C6-A810-C38E2BA6EA0D}.Release|x64.ActiveCfg = Release|x64
		{668C1652-0534-49C6-A810-C38E2BA6EA0D}.Release|x64.Build.0 = Release|x64
		{668C1652-0534-49C6-A810-C38E2BA6EA0D}.Release|x64.Deploy.0 = Release|x64
		{668C1652-0534-49C6-A810-C38E2BA6EA0D}.Release|x86.ActiveCfg = Release|x86
		{668C1652-0534-49C6-A810-C38E2BA6EA0D}.Release|x86.Build.0 = Release|x86
		{668C1652-0534-49C6-A810-C38E2BA6EA0D}.Release|x86.Deploy.0 = Release|x86
		{6134D286-0EA7-4E8C-9361-D4ED331B244B}.Debug|Any CPU.ActiveCfg = Debug|Any CPU
		{6134D286-0EA7-4E8C-9361-D4ED331B244B}.Debug|Any CPU.Build.0 = Debug|Any CPU
		{6134D286-0EA7-4E8C-9361-D4ED331B244B}.Debug|ARM.ActiveCfg = Debug|Any CPU
		{6134D286-0EA7-4E8C-9361-D4ED331B244B}.Debug|ARM.Build.0 = Debug|Any CPU
		{6134D286-0EA7-4E8C-9361-D4ED331B244B}.Debug|x64.ActiveCfg = Debug|Any CPU
		{6134D286-0EA7-4E8C-9361-D4ED331B244B}.Debug|x64.Build.0 = Debug|Any CPU
		{6134D286-0EA7-4E8C-9361-D4ED331B244B}.Debug|x86.ActiveCfg = Debug|Any CPU
		{6134D286-0EA7-4E8C-9361-D4ED331B244B}.Debug|x86.Build.0 = Debug|Any CPU
		{6134D286-0EA7-4E8C-9361-D4ED331B244B}.Release|Any CPU.ActiveCfg = Release|Any CPU
		{6134D286-0EA7-4E8C-9361-D4ED331B244B}.Release|Any CPU.Build.0 = Release|Any CPU
		{6134D286-0EA7-4E8C-9361-D4ED331B244B}.Release|ARM.ActiveCfg = Release|Any CPU
		{6134D286-0EA7-4E8C-9361-D4ED331B244B}.Release|ARM.Build.0 = Release|Any CPU
		{6134D286-0EA7-4E8C-9361-D4ED331B244B}.Release|x64.ActiveCfg = Release|Any CPU
		{6134D286-0EA7-4E8C-9361-D4ED331B244B}.Release|x64.Build.0 = Release|Any CPU
		{6134D286-0EA7-4E8C-9361-D4ED331B244B}.Release|x86.ActiveCfg = Release|Any CPU
		{6134D286-0EA7-4E8C-9361-D4ED331B244B}.Release|x86.Build.0 = Release|Any CPU
		{D1D1B26C-2FDD-4BF6-92B4-36B6E1DB8FA4}.Debug|Any CPU.ActiveCfg = Debug|Any CPU
		{D1D1B26C-2FDD-4BF6-92B4-36B6E1DB8FA4}.Debug|Any CPU.Build.0 = Debug|Any CPU
		{D1D1B26C-2FDD-4BF6-92B4-36B6E1DB8FA4}.Debug|ARM.ActiveCfg = Debug|Any CPU
		{D1D1B26C-2FDD-4BF6-92B4-36B6E1DB8FA4}.Debug|ARM.Build.0 = Debug|Any CPU
		{D1D1B26C-2FDD-4BF6-92B4-36B6E1DB8FA4}.Debug|x64.ActiveCfg = Debug|Any CPU
		{D1D1B26C-2FDD-4BF6-92B4-36B6E1DB8FA4}.Debug|x64.Build.0 = Debug|Any CPU
		{D1D1B26C-2FDD-4BF6-92B4-36B6E1DB8FA4}.Debug|x86.ActiveCfg = Debug|Any CPU
		{D1D1B26C-2FDD-4BF6-92B4-36B6E1DB8FA4}.Debug|x86.Build.0 = Debug|Any CPU
		{D1D1B26C-2FDD-4BF6-92B4-36B6E1DB8FA4}.Release|Any CPU.ActiveCfg = Release|Any CPU
		{D1D1B26C-2FDD-4BF6-92B4-36B6E1DB8FA4}.Release|Any CPU.Build.0 = Release|Any CPU
		{D1D1B26C-2FDD-4BF6-92B4-36B6E1DB8FA4}.Release|ARM.ActiveCfg = Release|Any CPU
		{D1D1B26C-2FDD-4BF6-92B4-36B6E1DB8FA4}.Release|ARM.Build.0 = Release|Any CPU
		{D1D1B26C-2FDD-4BF6-92B4-36B6E1DB8FA4}.Release|x64.ActiveCfg = Release|Any CPU
		{D1D1B26C-2FDD-4BF6-92B4-36B6E1DB8FA4}.Release|x64.Build.0 = Release|Any CPU
		{D1D1B26C-2FDD-4BF6-92B4-36B6E1DB8FA4}.Release|x86.ActiveCfg = Release|Any CPU
		{D1D1B26C-2FDD-4BF6-92B4-36B6E1DB8FA4}.Release|x86.Build.0 = Release|Any CPU
		{9E5467F6-BEEE-4BDE-BBB1-32123E6B467A}.Debug|Any CPU.ActiveCfg = Debug|Any CPU
		{9E5467F6-BEEE-4BDE-BBB1-32123E6B467A}.Debug|Any CPU.Build.0 = Debug|Any CPU
		{9E5467F6-BEEE-4BDE-BBB1-32123E6B467A}.Debug|ARM.ActiveCfg = Debug|Any CPU
		{9E5467F6-BEEE-4BDE-BBB1-32123E6B467A}.Debug|ARM.Build.0 = Debug|Any CPU
		{9E5467F6-BEEE-4BDE-BBB1-32123E6B467A}.Debug|x64.ActiveCfg = Debug|Any CPU
		{9E5467F6-BEEE-4BDE-BBB1-32123E6B467A}.Debug|x64.Build.0 = Debug|Any CPU
		{9E5467F6-BEEE-4BDE-BBB1-32123E6B467A}.Debug|x86.ActiveCfg = Debug|Any CPU
		{9E5467F6-BEEE-4BDE-BBB1-32123E6B467A}.Debug|x86.Build.0 = Debug|Any CPU
		{9E5467F6-BEEE-4BDE-BBB1-32123E6B467A}.Release|Any CPU.ActiveCfg = Release|Any CPU
		{9E5467F6-BEEE-4BDE-BBB1-32123E6B467A}.Release|Any CPU.Build.0 = Release|Any CPU
		{9E5467F6-BEEE-4BDE-BBB1-32123E6B467A}.Release|ARM.ActiveCfg = Release|Any CPU
		{9E5467F6-BEEE-4BDE-BBB1-32123E6B467A}.Release|ARM.Build.0 = Release|Any CPU
		{9E5467F6-BEEE-4BDE-BBB1-32123E6B467A}.Release|x64.ActiveCfg = Release|Any CPU
		{9E5467F6-BEEE-4BDE-BBB1-32123E6B467A}.Release|x64.Build.0 = Release|Any CPU
		{9E5467F6-BEEE-4BDE-BBB1-32123E6B467A}.Release|x86.ActiveCfg = Release|Any CPU
		{9E5467F6-BEEE-4BDE-BBB1-32123E6B467A}.Release|x86.Build.0 = Release|Any CPU
		{2E3DF5C2-8A38-4A03-86D7-8D463C917E47}.Debug|Any CPU.ActiveCfg = Debug|Any CPU
		{2E3DF5C2-8A38-4A03-86D7-8D463C917E47}.Debug|Any CPU.Build.0 = Debug|Any CPU
		{2E3DF5C2-8A38-4A03-86D7-8D463C917E47}.Debug|ARM.ActiveCfg = Debug|Any CPU
		{2E3DF5C2-8A38-4A03-86D7-8D463C917E47}.Debug|ARM.Build.0 = Debug|Any CPU
		{2E3DF5C2-8A38-4A03-86D7-8D463C917E47}.Debug|x64.ActiveCfg = Debug|Any CPU
		{2E3DF5C2-8A38-4A03-86D7-8D463C917E47}.Debug|x64.Build.0 = Debug|Any CPU
		{2E3DF5C2-8A38-4A03-86D7-8D463C917E47}.Debug|x86.ActiveCfg = Debug|Any CPU
		{2E3DF5C2-8A38-4A03-86D7-8D463C917E47}.Debug|x86.Build.0 = Debug|Any CPU
		{2E3DF5C2-8A38-4A03-86D7-8D463C917E47}.Release|Any CPU.ActiveCfg = Release|Any CPU
		{2E3DF5C2-8A38-4A03-86D7-8D463C917E47}.Release|Any CPU.Build.0 = Release|Any CPU
		{2E3DF5C2-8A38-4A03-86D7-8D463C917E47}.Release|ARM.ActiveCfg = Release|Any CPU
		{2E3DF5C2-8A38-4A03-86D7-8D463C917E47}.Release|ARM.Build.0 = Release|Any CPU
		{2E3DF5C2-8A38-4A03-86D7-8D463C917E47}.Release|x64.ActiveCfg = Release|Any CPU
		{2E3DF5C2-8A38-4A03-86D7-8D463C917E47}.Release|x64.Build.0 = Release|Any CPU
		{2E3DF5C2-8A38-4A03-86D7-8D463C917E47}.Release|x86.ActiveCfg = Release|Any CPU
		{2E3DF5C2-8A38-4A03-86D7-8D463C917E47}.Release|x86.Build.0 = Release|Any CPU
	EndGlobalSection
	GlobalSection(SolutionProperties) = preSolution
		HideSolutionNode = FALSE
	EndGlobalSection
EndGlobal
